lockfileVersion: '6.0'

settings:
  autoInstallPeers: true
  excludeLinksFromLockfile: false

dependencies:
  '@trpc/client':
    specifier: ^10.38.5
    version: 10.38.5(@trpc/server@10.38.5)
  '@trpc/server':
    specifier: ^10.38.5
    version: 10.38.5
  uuid:
    specifier: ^9.0.1
    version: 9.0.1
  yjs:
    specifier: ^13.6.8
    version: 13.6.8

devDependencies:
  '@types/uuid':
    specifier: ^9.0.4
    version: 9.0.4

packages:

  /@trpc/client@10.38.5(@trpc/server@10.38.5):
    resolution: {integrity: sha512-tpGUsoAP+3CD/1KRqMdWZ+zebvB68/86SaVPAYHaEDozTFLQdNqTe98DS/T0S4hfh7WCKbMSObj40SCzE8amKQ==}
    peerDependencies:
      '@trpc/server': 10.38.5
    dependencies:
      '@trpc/server': 10.38.5
    dev: false

  /@trpc/server@10.38.5:
    resolution: {integrity: sha512-J0d2Y3Gpt2bMohOshPBfuzDqVrPaE3OKEDtJYgTmLk5t1pZy3kXHQep4rP2LEIr+ELbmkelhcrSvvFLA+4/w/Q==}
    dev: false

  /@types/uuid@9.0.4:
    resolution: {integrity: sha512-zAuJWQflfx6dYJM62vna+Sn5aeSWhh3OB+wfUEACNcqUSc0AGc5JKl+ycL1vrH7frGTXhJchYjE1Hak8L819dA==}
    dev: true

  /isomorphic.js@0.2.5:
    resolution: {integrity: sha512-PIeMbHqMt4DnUP3MA/Flc0HElYjMXArsw1qwJZcm9sqR8mq3l8NYizFMty0pWwE/tzIGH3EKK5+jes5mAr85yw==}
    dev: false

  /lib0@0.2.86:
    resolution: {integrity: sha512-kxigQTM4Q7NwJkEgdqQvU21qiR37twcqqLmh+/SbiGbRLfPlLVbHyY9sWp7PwXh0Xus9ELDSjsUOwcrdt5yZ4w==}
    engines: {node: '>=16'}
    hasBin: true
    dependencies:
      isomorphic.js: 0.2.5
    dev: false

  /uuid@9.0.1:
    resolution: {integrity: sha512-b+1eJOlsR9K8HJpow9Ok3fiWOWSIcIzXodvv0rQjVoOVNpWMpxf1wZNpt4y9h10odCNrqnYp1OBzRktckBe3sA==}
    hasBin: true
    dev: false

  /yjs@13.6.8:
    resolution: {integrity: sha512-ZPq0hpJQb6f59B++Ngg4cKexDJTvfOgeiv0sBc4sUm8CaBWH7OQC4kcCgrqbjJ/B2+6vO49exvTmYfdlPtcjbg==}
    engines: {node: '>=16.0.0', npm: '>=8.0.0'}
    dependencies:
      lib0: 0.2.86
    dev: false
